
Microsoft Visual Studio Solution File, Format Version 12.00
Project("{FAE04EC0-301F-11D3-BF4B-00C04F79EFBC}") = "Domain", "Domain\Domain.csproj", "{2E8A26A0-06FC-42CA-BF33-6634E5A8A2B0}"
EndProject
Project("{FAE04EC0-301F-11D3-BF4B-00C04F79EFBC}") = "Application", "Application\Application.csproj", "{FD8D487D-EB67-4569-A29C-2E4EEFCDBEBA}"
EndProject
Project("{FAE04EC0-301F-11D3-BF4B-00C04F79EFBC}") = "Infrastructure", "Infrastructure\Infrastructure.csproj", "{009B50AB-4790-47A6-837F-4ADF4D517602}"
EndProject
Project("{FAE04EC0-301F-11D3-BF4B-00C04F79EFBC}") = "Presentation", "Presentation\Presentation.csproj", "{A185BC95-D772-48DB-B913-DD27EE1E7DCC}"
EndProject
Project("{FAE04EC0-301F-11D3-BF4B-00C04F79EFBC}") = "Contracts", "Contracts\Contracts.csproj", "{1FFB5028-2220-4EA9-BB68-EBE7AFE68B80}"
EndProject
Project("{FAE04EC0-301F-11D3-BF4B-00C04F79EFBC}") = "Persistence", "Persistence\Persistence.csproj", "{3F83AA61-CB65-455C-8DCE-C4A795856CF9}"
EndProject
Project("{FAE04EC0-301F-11D3-BF4B-00C04F79EFBC}") = "Nswag", "Nswag\Nswag.csproj", "{0997A43E-88AC-480F-AE29-918A8B4979A3}"
EndProject
Global
	GlobalSection(SolutionConfigurationPlatforms) = preSolution
		Debug|Any CPU = Debug|Any CPU
		Release|Any CPU = Release|Any CPU
	EndGlobalSection
	GlobalSection(ProjectConfigurationPlatforms) = postSolution
		{2E8A26A0-06FC-42CA-BF33-6634E5A8A2B0}.Debug|Any CPU.ActiveCfg = Debug|Any CPU
		{2E8A26A0-06FC-42CA-BF33-6634E5A8A2B0}.Debug|Any CPU.Build.0 = Debug|Any CPU
		{2E8A26A0-06FC-42CA-BF33-6634E5A8A2B0}.Release|Any CPU.ActiveCfg = Release|Any CPU
		{2E8A26A0-06FC-42CA-BF33-6634E5A8A2B0}.Release|Any CPU.Build.0 = Release|Any CPU
		{FD8D487D-EB67-4569-A29C-2E4EEFCDBEBA}.Debug|Any CPU.ActiveCfg = Debug|Any CPU
		{FD8D487D-EB67-4569-A29C-2E4EEFCDBEBA}.Debug|Any CPU.Build.0 = Debug|Any CPU
		{FD8D487D-EB67-4569-A29C-2E4EEFCDBEBA}.Release|Any CPU.ActiveCfg = Release|Any CPU
		{FD8D487D-EB67-4569-A29C-2E4EEFCDBEBA}.Release|Any CPU.Build.0 = Release|Any CPU
		{009B50AB-4790-47A6-837F-4ADF4D517602}.Debug|Any CPU.ActiveCfg = Debug|Any CPU
		{009B50AB-4790-47A6-837F-4ADF4D517602}.Debug|Any CPU.Build.0 = Debug|Any CPU
		{009B50AB-4790-47A6-837F-4ADF4D517602}.Release|Any CPU.ActiveCfg = Release|Any CPU
		{009B50AB-4790-47A6-837F-4ADF4D517602}.Release|Any CPU.Build.0 = Release|Any CPU
		{A185BC95-D772-48DB-B913-DD27EE1E7DCC}.Debug|Any CPU.ActiveCfg = Debug|Any CPU
		{A185BC95-D772-48DB-B913-DD27EE1E7DCC}.Debug|Any CPU.Build.0 = Debug|Any CPU
		{A185BC95-D772-48DB-B913-DD27EE1E7DCC}.Release|Any CPU.ActiveCfg = Release|Any CPU
		{A185BC95-D772-48DB-B913-DD27EE1E7DCC}.Release|Any CPU.Build.0 = Release|Any CPU
		{1FFB5028-2220-4EA9-BB68-EBE7AFE68B80}.Debug|Any CPU.ActiveCfg = Debug|Any CPU
		{1FFB5028-2220-4EA9-BB68-EBE7AFE68B80}.Debug|Any CPU.Build.0 = Debug|Any CPU
		{1FFB5028-2220-4EA9-BB68-EBE7AFE68B80}.Release|Any CPU.ActiveCfg = Release|Any CPU
		{1FFB5028-2220-4EA9-BB68-EBE7AFE68B80}.Release|Any CPU.Build.0 = Release|Any CPU
		{3F83AA61-CB65-455C-8DCE-C4A795856CF9}.Debug|Any CPU.ActiveCfg = Debug|Any CPU
		{3F83AA61-CB65-455C-8DCE-C4A795856CF9}.Debug|Any CPU.Build.0 = Debug|Any CPU
		{3F83AA61-CB65-455C-8DCE-C4A795856CF9}.Release|Any CPU.ActiveCfg = Release|Any CPU
		{3F83AA61-CB65-455C-8DCE-C4A795856CF9}.Release|Any CPU.Build.0 = Release|Any CPU
		{0997A43E-88AC-480F-AE29-918A8B4979A3}.Debug|Any CPU.ActiveCfg = Debug|Any CPU
		{0997A43E-88AC-480F-AE29-918A8B4979A3}.Debug|Any CPU.Build.0 = Debug|Any CPU
		{0997A43E-88AC-480F-AE29-918A8B4979A3}.Release|Any CPU.ActiveCfg = Release|Any CPU
		{0997A43E-88AC-480F-AE29-918A8B4979A3}.Release|Any CPU.Build.0 = Release|Any CPU
	EndGlobalSection
EndGlobal
